
Microsoft Visual Studio Solution File, Format Version 12.00
# Visual Studio Version 16
VisualStudioVersion = 16.0.31515.178
MinimumVisualStudioVersion = 10.0.40219.1
Project("{FAE04EC0-301F-11D3-BF4B-00C04F79EFBC}") = "InventoryAPI", "InventoryAPI.csproj", "{1B3A9130-56E2-4C95-A0E0-4CEB8E2E5D2A}"
EndProject
Global
	GlobalSection(SolutionConfigurationPlatforms) = preSolution
		Debug|Any CPU = Debug|Any CPU
		Release|Any CPU = Release|Any CPU
	EndGlobalSection
	GlobalSection(ProjectConfigurationPlatforms) = postSolution
		{1B3A9130-56E2-4C95-A0E0-4CEB8E2E5D2A}.Debug|Any CPU.ActiveCfg = Debug|Any CPU
		{1B3A9130-56E2-4C95-A0E0-4CEB8E2E5D2A}.Debug|Any CPU.Build.0 = Debug|Any CPU
		{1B3A9130-56E2-4C95-A0E0-4CEB8E2E5D2A}.Release|Any CPU.ActiveCfg = Release|Any CPU
		{1B3A9130-56E2-4C95-A0E0-4CEB8E2E5D2A}.Release|Any CPU.Build.0 = Release|Any CPU
	EndGlobalSection
	GlobalSection(SolutionProperties) = preSolution
		HideSolutionNode = FALSE
	EndGlobalSection
	GlobalSection(ExtensibilityGlobals) = postSolution
		SolutionGuid = {D5C5C5B9-DEAA-45BE-9C30-9BFE23A5DF10}
	EndGlobalSection
EndGlobal
